
Microsoft Visual Studio Solution File, Format Version 12.00
# Visual Studio Version 16
VisualStudioVersion = 16.0.29728.190
MinimumVisualStudioVersion = 10.0.40219.1
Project("{8BC9CEB8-8B4A-11D0-8D11-00A0C91BC942}") = "PaddingFinder", "PaddingFinder\PaddingFinder.vcxproj", "{5448B8A4-EE4C-4D1D-9FB8-1F701973B060}"
EndProject
Global
	GlobalSection(SolutionConfigurationPlatforms) = preSolution
		Debug|x64 = Debug|x64
		Debug|x86 = Debug|x86
		Release|x64 = Release|x64
		Release|x86 = Release|x86
	EndGlobalSection
	GlobalSection(ProjectConfigurationPlatforms) = postSolution
		{5448B8A4-EE4C-4D1D-9FB8-1F701973B060}.Debug|x64.ActiveCfg = Debug|x64
		{5448B8A4-EE4C-4D1D-9FB8-1F701973B060}.Debug|x64.Build.0 = Debug|x64
		{5448B8A4-EE4C-4D1D-9FB8-1F701973B060}.Debug|x86.ActiveCfg = Debug|Win32
		{5448B8A4-EE4C-4D1D-9FB8-1F701973B060}.Debug|x86.Build.0 = Debug|Win32
		{5448B8A4-EE4C-4D1D-9FB8-1F701973B060}.Release|x64.ActiveCfg = Release|x64
		{5448B8A4-EE4C-4D1D-9FB8-1F701973B060}.Release|x64.Build.0 = Release|x64
		{5448B8A4-EE4C-4D1D-9FB8-1F701973B060}.Release|x86.ActiveCfg = Release|Win32
		{5448B8A4-EE4C-4D1D-9FB8-1F701973B060}.Release|x86.Build.0 = Release|Win32
	EndGlobalSection
	GlobalSection(SolutionProperties) = preSolution
		HideSolutionNode = FALSE
	EndGlobalSection
	GlobalSection(ExtensibilityGlobals) = postSolution
		SolutionGuid = {FFA10D50-DD7B-4477-9DCE-F66179506292}
	EndGlobalSection
EndGlobal
